# This file is generated by running "yarn install" inside your project.
# Manual changes might be lost - proceed with caution!

__metadata:
  version: 8
  cacheKey: 10c0

"dayjs@npm:^1.11.13":
  version: 1.11.13
  resolution: "dayjs@npm:1.11.13"
  checksum: 10c0/a3caf6ac8363c7dade9d1ee797848ddcf25c1ace68d9fe8678ecf8ba0675825430de5d793672ec87b24a69bf04a1544b176547b2539982275d5542a7955f35b7
  languageName: node
  linkType: hard

"root-workspace-0b6124@workspace:.":
  version: 0.0.0-use.local
  resolution: "root-workspace-0b6124@workspace:."
  dependencies:
    dayjs: "npm:^1.11.13"
  languageName: unknown
  linkType: soft
